// !$*UTF8*$!
{
	archiveVersion = 1;
	classes = {
	};
	objectVersion = 46;
	objects = {

/* Begin PBXBuildFile section */
		134B2D2E1EC1F57B0017F6EE /* ActionViewController.swift in Sources */ = {isa = PBXBuildFile; fileRef = 134B2D2D1EC1F57B0017F6EE /* ActionViewController.swift */; };
		134B2D321EC34BD50017F6EE /* TransitionManager.swift in Sources */ = {isa = PBXBuildFile; fileRef = 134B2D311EC34BD50017F6EE /* TransitionManager.swift */; };
		13577A8D1EC8344600C5B16C /* PinDropViewController.swift in Sources */ = {isa = PBXBuildFile; fileRef = 13577A8C1EC8344600C5B16C /* PinDropViewController.swift */; };
		137094F31EBC5DED003C12F5 /* AppDelegate.swift in Sources */ = {isa = PBXBuildFile; fileRef = 137094F21EBC5DED003C12F5 /* AppDelegate.swift */; };
		137094F51EBC5DED003C12F5 /* MainViewController.swift in Sources */ = {isa = PBXBuildFile; fileRef = 137094F41EBC5DED003C12F5 /* MainViewController.swift */; };
		137094F81EBC5DED003C12F5 /* Main.storyboard in Resources */ = {isa = PBXBuildFile; fileRef = 137094F61EBC5DED003C12F5 /* Main.storyboard */; };
		137094FA1EBC5DED003C12F5 /* Assets.xcassets in Resources */ = {isa = PBXBuildFile; fileRef = 137094F91EBC5DED003C12F5 /* Assets.xcassets */; };
		137094FD1EBC5DED003C12F5 /* LaunchScreen.storyboard in Resources */ = {isa = PBXBuildFile; fileRef = 137094FB1EBC5DED003C12F5 /* LaunchScreen.storyboard */; };
		13BDFC831EC0A14C00230EF5 /* MenuViewController.swift in Sources */ = {isa = PBXBuildFile; fileRef = 13BDFC821EC0A14C00230EF5 /* MenuViewController.swift */; };
		13C165491ECC5C4000F71224 /* RealmLocation.swift in Sources */ = {isa = PBXBuildFile; fileRef = 13C165461ECC5C4000F71224 /* RealmLocation.swift */; };
		13C1654A1ECC5C4000F71224 /* RealmPath.swift in Sources */ = {isa = PBXBuildFile; fileRef = 13C165471ECC5C4000F71224 /* RealmPath.swift */; };
		13C1654B1ECC5C4000F71224 /* RealmPoint.swift in Sources */ = {isa = PBXBuildFile; fileRef = 13C165481ECC5C4000F71224 /* RealmPoint.swift */; };
		13C1654F1ECC8E1A00F71224 /* OrangeButton.swift in Sources */ = {isa = PBXBuildFile; fileRef = 13C1654E1ECC8E1A00F71224 /* OrangeButton.swift */; };
		13C165511ECC96F900F71224 /* LightTextField.swift in Sources */ = {isa = PBXBuildFile; fileRef = 13C165501ECC96F900F71224 /* LightTextField.swift */; };
		13C165531ECC9E8A00F71224 /* LightTextView.swift in Sources */ = {isa = PBXBuildFile; fileRef = 13C165521ECC9E8A00F71224 /* LightTextView.swift */; };
		13C165551ECCC07C00F71224 /* StopRecordViewController.swift in Sources */ = {isa = PBXBuildFile; fileRef = 13C165541ECCC07C00F71224 /* StopRecordViewController.swift */; };
		13E4E2121EC482A00015CC72 /* APScheduledLocationManager.swift in Sources */ = {isa = PBXBuildFile; fileRef = 13E4E2111EC482A00015CC72 /* APScheduledLocationManager.swift */; };
		13E4E2141EC4B1020015CC72 /* ListTransform.swift in Sources */ = {isa = PBXBuildFile; fileRef = 13E4E2131EC4B1020015CC72 /* ListTransform.swift */; };
		1AB47492529F81A5B123A435 /* Pods_LittlePajero.framework in Frameworks */ = {isa = PBXBuildFile; fileRef = 6258BCBBB6B489B56BA01790 /* Pods_LittlePajero.framework */; };
		CC3D4D0E1EC5F82700CFBCD1 /* Colors.swift in Sources */ = {isa = PBXBuildFile; fileRef = CC3D4D0D1EC5F82700CFBCD1 /* Colors.swift */; };
		CC3D4D101EC834A800CFBCD1 /* FloatingButton.swift in Sources */ = {isa = PBXBuildFile; fileRef = CC3D4D0F1EC834A800CFBCD1 /* FloatingButton.swift */; };
		CC3D4D121EC8BBA200CFBCD1 /* FloatingMiniButton.swift in Sources */ = {isa = PBXBuildFile; fileRef = CC3D4D111EC8BBA200CFBCD1 /* FloatingMiniButton.swift */; };
		CC5DD8831EC9B3360034DC61 /* SearchingBar.swift in Sources */ = {isa = PBXBuildFile; fileRef = CC5DD8821EC9B3360034DC61 /* SearchingBar.swift */; };
		CC5DD8851EC9BAF30034DC61 /* SearchingBarControlButton.swift in Sources */ = {isa = PBXBuildFile; fileRef = CC5DD8841EC9BAF30034DC61 /* SearchingBarControlButton.swift */; };
		CC5DD8871EC9BC380034DC61 /* SearchingBarTextField.swift in Sources */ = {isa = PBXBuildFile; fileRef = CC5DD8861EC9BC380034DC61 /* SearchingBarTextField.swift */; };
		CC7446481ECC4A0700CA8C5A /* SearchingTextDelegate.swift in Sources */ = {isa = PBXBuildFile; fileRef = CC7446471ECC4A0700CA8C5A /* SearchingTextDelegate.swift */; };
		CCADFF1D1ECB6C8D0049E163 /* SideMenuButton.swift in Sources */ = {isa = PBXBuildFile; fileRef = CCADFF1C1ECB6C8D0049E163 /* SideMenuButton.swift */; };
/* End PBXBuildFile section */

/* Begin PBXFileReference section */
		134B2D2D1EC1F57B0017F6EE /* ActionViewController.swift */ = {isa = PBXFileReference; fileEncoding = 4; lastKnownFileType = sourcecode.swift; path = ActionViewController.swift; sourceTree = "<group>"; };
		134B2D311EC34BD50017F6EE /* TransitionManager.swift */ = {isa = PBXFileReference; fileEncoding = 4; lastKnownFileType = sourcecode.swift; path = TransitionManager.swift; sourceTree = "<group>"; };
		13577A8C1EC8344600C5B16C /* PinDropViewController.swift */ = {isa = PBXFileReference; fileEncoding = 4; lastKnownFileType = sourcecode.swift; path = PinDropViewController.swift; sourceTree = "<group>"; };
		137094EF1EBC5DED003C12F5 /* LittlePajero.app */ = {isa = PBXFileReference; explicitFileType = wrapper.application; includeInIndex = 0; path = LittlePajero.app; sourceTree = BUILT_PRODUCTS_DIR; };
		137094F21EBC5DED003C12F5 /* AppDelegate.swift */ = {isa = PBXFileReference; lastKnownFileType = sourcecode.swift; path = AppDelegate.swift; sourceTree = "<group>"; };
		137094F41EBC5DED003C12F5 /* MainViewController.swift */ = {isa = PBXFileReference; lastKnownFileType = sourcecode.swift; path = MainViewController.swift; sourceTree = "<group>"; };
		137094F71EBC5DED003C12F5 /* Base */ = {isa = PBXFileReference; lastKnownFileType = file.storyboard; name = Base; path = Base.lproj/Main.storyboard; sourceTree = "<group>"; };
		137094F91EBC5DED003C12F5 /* Assets.xcassets */ = {isa = PBXFileReference; lastKnownFileType = folder.assetcatalog; path = Assets.xcassets; sourceTree = "<group>"; };
		137094FC1EBC5DED003C12F5 /* Base */ = {isa = PBXFileReference; lastKnownFileType = file.storyboard; name = Base; path = Base.lproj/LaunchScreen.storyboard; sourceTree = "<group>"; };
		137094FE1EBC5DED003C12F5 /* Info.plist */ = {isa = PBXFileReference; lastKnownFileType = text.plist.xml; path = Info.plist; sourceTree = "<group>"; };
		13BDFC821EC0A14C00230EF5 /* MenuViewController.swift */ = {isa = PBXFileReference; fileEncoding = 4; lastKnownFileType = sourcecode.swift; path = MenuViewController.swift; sourceTree = "<group>"; };
		13C165461ECC5C4000F71224 /* RealmLocation.swift */ = {isa = PBXFileReference; fileEncoding = 4; lastKnownFileType = sourcecode.swift; path = RealmLocation.swift; sourceTree = "<group>"; };
		13C165471ECC5C4000F71224 /* RealmPath.swift */ = {isa = PBXFileReference; fileEncoding = 4; lastKnownFileType = sourcecode.swift; path = RealmPath.swift; sourceTree = "<group>"; };
		13C165481ECC5C4000F71224 /* RealmPoint.swift */ = {isa = PBXFileReference; fileEncoding = 4; lastKnownFileType = sourcecode.swift; path = RealmPoint.swift; sourceTree = "<group>"; };
		13C1654E1ECC8E1A00F71224 /* OrangeButton.swift */ = {isa = PBXFileReference; fileEncoding = 4; lastKnownFileType = sourcecode.swift; path = OrangeButton.swift; sourceTree = "<group>"; };
		13C165501ECC96F900F71224 /* LightTextField.swift */ = {isa = PBXFileReference; fileEncoding = 4; lastKnownFileType = sourcecode.swift; path = LightTextField.swift; sourceTree = "<group>"; };
		13C165521ECC9E8A00F71224 /* LightTextView.swift */ = {isa = PBXFileReference; fileEncoding = 4; lastKnownFileType = sourcecode.swift; path = LightTextView.swift; sourceTree = "<group>"; };
		13C165541ECCC07C00F71224 /* StopRecordViewController.swift */ = {isa = PBXFileReference; fileEncoding = 4; lastKnownFileType = sourcecode.swift; path = StopRecordViewController.swift; sourceTree = "<group>"; };
		13E4E2111EC482A00015CC72 /* APScheduledLocationManager.swift */ = {isa = PBXFileReference; fileEncoding = 4; lastKnownFileType = sourcecode.swift; path = APScheduledLocationManager.swift; sourceTree = "<group>"; };
		13E4E2131EC4B1020015CC72 /* ListTransform.swift */ = {isa = PBXFileReference; fileEncoding = 4; lastKnownFileType = sourcecode.swift; path = ListTransform.swift; sourceTree = "<group>"; };
		6258BCBBB6B489B56BA01790 /* Pods_LittlePajero.framework */ = {isa = PBXFileReference; explicitFileType = wrapper.framework; includeInIndex = 0; path = Pods_LittlePajero.framework; sourceTree = BUILT_PRODUCTS_DIR; };
		C394BD4B6D43EC5DE0393244 /* Pods-LittlePajero.debug.xcconfig */ = {isa = PBXFileReference; includeInIndex = 1; lastKnownFileType = text.xcconfig; name = "Pods-LittlePajero.debug.xcconfig"; path = "Pods/Target Support Files/Pods-LittlePajero/Pods-LittlePajero.debug.xcconfig"; sourceTree = "<group>"; };
		CC3D4D0D1EC5F82700CFBCD1 /* Colors.swift */ = {isa = PBXFileReference; fileEncoding = 4; lastKnownFileType = sourcecode.swift; path = Colors.swift; sourceTree = "<group>"; };
		CC3D4D0F1EC834A800CFBCD1 /* FloatingButton.swift */ = {isa = PBXFileReference; fileEncoding = 4; lastKnownFileType = sourcecode.swift; path = FloatingButton.swift; sourceTree = "<group>"; };
		CC3D4D111EC8BBA200CFBCD1 /* FloatingMiniButton.swift */ = {isa = PBXFileReference; fileEncoding = 4; lastKnownFileType = sourcecode.swift; path = FloatingMiniButton.swift; sourceTree = "<group>"; };
		CC5DD8821EC9B3360034DC61 /* SearchingBar.swift */ = {isa = PBXFileReference; fileEncoding = 4; lastKnownFileType = sourcecode.swift; path = SearchingBar.swift; sourceTree = "<group>"; };
		CC5DD8841EC9BAF30034DC61 /* SearchingBarControlButton.swift */ = {isa = PBXFileReference; fileEncoding = 4; lastKnownFileType = sourcecode.swift; path = SearchingBarControlButton.swift; sourceTree = "<group>"; };
		CC5DD8861EC9BC380034DC61 /* SearchingBarTextField.swift */ = {isa = PBXFileReference; fileEncoding = 4; lastKnownFileType = sourcecode.swift; path = SearchingBarTextField.swift; sourceTree = "<group>"; };
		CC7446471ECC4A0700CA8C5A /* SearchingTextDelegate.swift */ = {isa = PBXFileReference; fileEncoding = 4; lastKnownFileType = sourcecode.swift; path = SearchingTextDelegate.swift; sourceTree = "<group>"; };
		CCADFF1C1ECB6C8D0049E163 /* SideMenuButton.swift */ = {isa = PBXFileReference; fileEncoding = 4; lastKnownFileType = sourcecode.swift; path = SideMenuButton.swift; sourceTree = "<group>"; };
		D8189ACBEC59476F485E9EF8 /* Pods-LittlePajero.release.xcconfig */ = {isa = PBXFileReference; includeInIndex = 1; lastKnownFileType = text.xcconfig; name = "Pods-LittlePajero.release.xcconfig"; path = "Pods/Target Support Files/Pods-LittlePajero/Pods-LittlePajero.release.xcconfig"; sourceTree = "<group>"; };
/* End PBXFileReference section */

/* Begin PBXFrameworksBuildPhase section */
		137094EC1EBC5DED003C12F5 /* Frameworks */ = {
			isa = PBXFrameworksBuildPhase;
			buildActionMask = 2147483647;
			files = (
				1AB47492529F81A5B123A435 /* Pods_LittlePajero.framework in Frameworks */,
			);
			runOnlyForDeploymentPostprocessing = 0;
		};
/* End PBXFrameworksBuildPhase section */

/* Begin PBXGroup section */
		137094E61EBC5DED003C12F5 = {
			isa = PBXGroup;
			children = (
				137094F11EBC5DED003C12F5 /* LittlePajero */,
				137094F01EBC5DED003C12F5 /* Products */,
				19319F8A6AF2D5726587AA10 /* Pods */,
				51CB1449197D3BEABC0C726A /* Frameworks */,
			);
			sourceTree = "<group>";
		};
		137094F01EBC5DED003C12F5 /* Products */ = {
			isa = PBXGroup;
			children = (
				137094EF1EBC5DED003C12F5 /* LittlePajero.app */,
			);
			name = Products;
			sourceTree = "<group>";
		};
		137094F11EBC5DED003C12F5 /* LittlePajero */ = {
			isa = PBXGroup;
			children = (
				CC3D4D0C1EC5F81600CFBCD1 /* UI */,
				13E64B3E1EC5A9B700BEA67B /* Lib */,
				13E64B391EC5A92A00BEA67B /* Models */,
				13E64B381EC5A91400BEA67B /* Views */,
				137094F21EBC5DED003C12F5 /* AppDelegate.swift */,
				137094F61EBC5DED003C12F5 /* Main.storyboard */,
				137094F91EBC5DED003C12F5 /* Assets.xcassets */,
				137094FB1EBC5DED003C12F5 /* LaunchScreen.storyboard */,
				137094FE1EBC5DED003C12F5 /* Info.plist */,
			);
			path = LittlePajero;
			sourceTree = "<group>";
		};
		13E64B381EC5A91400BEA67B /* Views */ = {
			isa = PBXGroup;
			children = (
				13BDFC821EC0A14C00230EF5 /* MenuViewController.swift */,
				13C165541ECCC07C00F71224 /* StopRecordViewController.swift */,
				134B2D2D1EC1F57B0017F6EE /* ActionViewController.swift */,
				137094F41EBC5DED003C12F5 /* MainViewController.swift */,
				13577A8C1EC8344600C5B16C /* PinDropViewController.swift */,
			);
			name = Views;
			sourceTree = "<group>";
		};
		13E64B391EC5A92A00BEA67B /* Models */ = {
			isa = PBXGroup;
			children = (
				13C165461ECC5C4000F71224 /* RealmLocation.swift */,
				13C165471ECC5C4000F71224 /* RealmPath.swift */,
				13C165481ECC5C4000F71224 /* RealmPoint.swift */,
			);
			name = Models;
			sourceTree = "<group>";
		};
		13E64B3E1EC5A9B700BEA67B /* Lib */ = {
			isa = PBXGroup;
			children = (
				134B2D311EC34BD50017F6EE /* TransitionManager.swift */,
				13E4E2111EC482A00015CC72 /* APScheduledLocationManager.swift */,
				13E4E2131EC4B1020015CC72 /* ListTransform.swift */,
			);
			name = Lib;
			sourceTree = "<group>";
		};
		19319F8A6AF2D5726587AA10 /* Pods */ = {
			isa = PBXGroup;
			children = (
				C394BD4B6D43EC5DE0393244 /* Pods-LittlePajero.debug.xcconfig */,
				D8189ACBEC59476F485E9EF8 /* Pods-LittlePajero.release.xcconfig */,
			);
			name = Pods;
			sourceTree = "<group>";
		};
		51CB1449197D3BEABC0C726A /* Frameworks */ = {
			isa = PBXGroup;
			children = (
				6258BCBBB6B489B56BA01790 /* Pods_LittlePajero.framework */,
			);
			name = Frameworks;
			sourceTree = "<group>";
		};
		CC3D4D0C1EC5F81600CFBCD1 /* UI */ = {
			isa = PBXGroup;
			children = (
				CCADFF1B1ECB6C620049E163 /* SearchingBar */,
				CCADFF1A1ECB6C570049E163 /* SideMenu */,
				CC3D4D0F1EC834A800CFBCD1 /* FloatingButton.swift */,
				CC3D4D111EC8BBA200CFBCD1 /* FloatingMiniButton.swift */,
				13C1654E1ECC8E1A00F71224 /* OrangeButton.swift */,
				CC3D4D0D1EC5F82700CFBCD1 /* Colors.swift */,
				13C165501ECC96F900F71224 /* LightTextField.swift */,
				13C165521ECC9E8A00F71224 /* LightTextView.swift */,
			);
			name = UI;
			sourceTree = "<group>";
		};
		CCADFF1A1ECB6C570049E163 /* SideMenu */ = {
			isa = PBXGroup;
			children = (
				CCADFF1C1ECB6C8D0049E163 /* SideMenuButton.swift */,
			);
			name = SideMenu;
			sourceTree = "<group>";
		};
		CCADFF1B1ECB6C620049E163 /* SearchingBar */ = {
			isa = PBXGroup;
			children = (
				CC5DD8821EC9B3360034DC61 /* SearchingBar.swift */,
				CC5DD8841EC9BAF30034DC61 /* SearchingBarControlButton.swift */,
				CC5DD8861EC9BC380034DC61 /* SearchingBarTextField.swift */,
				CC7446471ECC4A0700CA8C5A /* SearchingTextDelegate.swift */,
			);
			name = SearchingBar;
			sourceTree = "<group>";
		};
/* End PBXGroup section */

/* Begin PBXNativeTarget section */
		137094EE1EBC5DED003C12F5 /* LittlePajero */ = {
			isa = PBXNativeTarget;
			buildConfigurationList = 137095011EBC5DED003C12F5 /* Build configuration list for PBXNativeTarget "LittlePajero" */;
			buildPhases = (
				02252EA03E8EE26082500FD3 /* [CP] Check Pods Manifest.lock */,
				137094EB1EBC5DED003C12F5 /* Sources */,
				137094EC1EBC5DED003C12F5 /* Frameworks */,
				137094ED1EBC5DED003C12F5 /* Resources */,
				A318D5D7AF91EEFE13AB1C08 /* [CP] Embed Pods Frameworks */,
				ED96703059EEABF0FBFF3EE2 /* [CP] Copy Pods Resources */,
			);
			buildRules = (
			);
			dependencies = (
			);
			name = LittlePajero;
			productName = LittlePajero;
			productReference = 137094EF1EBC5DED003C12F5 /* LittlePajero.app */;
			productType = "com.apple.product-type.application";
		};
/* End PBXNativeTarget section */

/* Begin PBXProject section */
		137094E71EBC5DED003C12F5 /* Project object */ = {
			isa = PBXProject;
			attributes = {
				LastSwiftUpdateCheck = 0830;
				LastUpgradeCheck = 0830;
				ORGANIZATIONNAME = ivyxuan;
				TargetAttributes = {
					137094EE1EBC5DED003C12F5 = {
						CreatedOnToolsVersion = 8.3.2;
						DevelopmentTeam = 46H7KU73H8;
						ProvisioningStyle = Automatic;
						SystemCapabilities = {
							com.apple.BackgroundModes = {
								enabled = 1;
							};
						};
					};
				};
			};
			buildConfigurationList = 137094EA1EBC5DED003C12F5 /* Build configuration list for PBXProject "LittlePajero" */;
			compatibilityVersion = "Xcode 3.2";
			developmentRegion = English;
			hasScannedForEncodings = 0;
			knownRegions = (
				en,
				Base,
			);
			mainGroup = 137094E61EBC5DED003C12F5;
			productRefGroup = 137094F01EBC5DED003C12F5 /* Products */;
			projectDirPath = "";
			projectRoot = "";
			targets = (
				137094EE1EBC5DED003C12F5 /* LittlePajero */,
			);
		};
/* End PBXProject section */

/* Begin PBXResourcesBuildPhase section */
		137094ED1EBC5DED003C12F5 /* Resources */ = {
			isa = PBXResourcesBuildPhase;
			buildActionMask = 2147483647;
			files = (
				137094FD1EBC5DED003C12F5 /* LaunchScreen.storyboard in Resources */,
				137094FA1EBC5DED003C12F5 /* Assets.xcassets in Resources */,
				137094F81EBC5DED003C12F5 /* Main.storyboard in Resources */,
			);
			runOnlyForDeploymentPostprocessing = 0;
		};
/* End PBXResourcesBuildPhase section */

/* Begin PBXShellScriptBuildPhase section */
		02252EA03E8EE26082500FD3 /* [CP] Check Pods Manifest.lock */ = {
			isa = PBXShellScriptBuildPhase;
			buildActionMask = 2147483647;
			files = (
			);
			inputPaths = (
			);
			name = "[CP] Check Pods Manifest.lock";
			outputPaths = (
			);
			runOnlyForDeploymentPostprocessing = 0;
			shellPath = /bin/sh;
			shellScript = "diff \"${PODS_ROOT}/../Podfile.lock\" \"${PODS_ROOT}/Manifest.lock\" > /dev/null\nif [ $? != 0 ] ; then\n    # print error to STDERR\n    echo \"error: The sandbox is not in sync with the Podfile.lock. Run 'pod install' or update your CocoaPods installation.\" >&2\n    exit 1\nfi\n";
			showEnvVarsInLog = 0;
		};
		A318D5D7AF91EEFE13AB1C08 /* [CP] Embed Pods Frameworks */ = {
			isa = PBXShellScriptBuildPhase;
			buildActionMask = 2147483647;
			files = (
			);
			inputPaths = (
			);
			name = "[CP] Embed Pods Frameworks";
			outputPaths = (
			);
			runOnlyForDeploymentPostprocessing = 0;
			shellPath = /bin/sh;
			shellScript = "\"${SRCROOT}/Pods/Target Support Files/Pods-LittlePajero/Pods-LittlePajero-frameworks.sh\"\n";
			showEnvVarsInLog = 0;
		};
		ED96703059EEABF0FBFF3EE2 /* [CP] Copy Pods Resources */ = {
			isa = PBXShellScriptBuildPhase;
			buildActionMask = 2147483647;
			files = (
			);
			inputPaths = (
			);
			name = "[CP] Copy Pods Resources";
			outputPaths = (
			);
			runOnlyForDeploymentPostprocessing = 0;
			shellPath = /bin/sh;
			shellScript = "\"${SRCROOT}/Pods/Target Support Files/Pods-LittlePajero/Pods-LittlePajero-resources.sh\"\n";
			showEnvVarsInLog = 0;
		};
/* End PBXShellScriptBuildPhase section */

/* Begin PBXSourcesBuildPhase section */
		137094EB1EBC5DED003C12F5 /* Sources */ = {
			isa = PBXSourcesBuildPhase;
			buildActionMask = 2147483647;
			files = (
				CC5DD8851EC9BAF30034DC61 /* SearchingBarControlButton.swift in Sources */,
				13C165531ECC9E8A00F71224 /* LightTextView.swift in Sources */,
				CC3D4D121EC8BBA200CFBCD1 /* FloatingMiniButton.swift in Sources */,
				137094F51EBC5DED003C12F5 /* MainViewController.swift in Sources */,
				CC3D4D0E1EC5F82700CFBCD1 /* Colors.swift in Sources */,
				13C165491ECC5C4000F71224 /* RealmLocation.swift in Sources */,
				134B2D321EC34BD50017F6EE /* TransitionManager.swift in Sources */,
				CC5DD8831EC9B3360034DC61 /* SearchingBar.swift in Sources */,
				13C1654F1ECC8E1A00F71224 /* OrangeButton.swift in Sources */,
				13C1654A1ECC5C4000F71224 /* RealmPath.swift in Sources */,
				CC5DD8871EC9BC380034DC61 /* SearchingBarTextField.swift in Sources */,
				13E4E2121EC482A00015CC72 /* APScheduledLocationManager.swift in Sources */,
				CC7446481ECC4A0700CA8C5A /* SearchingTextDelegate.swift in Sources */,
				13C165511ECC96F900F71224 /* LightTextField.swift in Sources */,
				13C1654B1ECC5C4000F71224 /* RealmPoint.swift in Sources */,
				CCADFF1D1ECB6C8D0049E163 /* SideMenuButton.swift in Sources */,
				13577A8D1EC8344600C5B16C /* PinDropViewController.swift in Sources */,
				13E4E2141EC4B1020015CC72 /* ListTransform.swift in Sources */,
				13BDFC831EC0A14C00230EF5 /* MenuViewController.swift in Sources */,
				CC3D4D101EC834A800CFBCD1 /* FloatingButton.swift in Sources */,
				134B2D2E1EC1F57B0017F6EE /* ActionViewController.swift in Sources */,
				13C165551ECCC07C00F71224 /* StopRecordViewController.swift in Sources */,
				137094F31EBC5DED003C12F5 /* AppDelegate.swift in Sources */,
			);
			runOnlyForDeploymentPostprocessing = 0;
		};
/* End PBXSourcesBuildPhase section */

/* Begin PBXVariantGroup section */
		137094F61EBC5DED003C12F5 /* Main.storyboard */ = {
			isa = PBXVariantGroup;
			children = (
				137094F71EBC5DED003C12F5 /* Base */,
			);
			name = Main.storyboard;
			sourceTree = "<group>";
		};
		137094FB1EBC5DED003C12F5 /* LaunchScreen.storyboard */ = {
			isa = PBXVariantGroup;
			children = (
				137094FC1EBC5DED003C12F5 /* Base */,
			);
			name = LaunchScreen.storyboard;
			sourceTree = "<group>";
		};
/* End PBXVariantGroup section */

/* Begin XCBuildConfiguration section */
		137094FF1EBC5DED003C12F5 /* Debug */ = {
			isa = XCBuildConfiguration;
			buildSettings = {
				ALWAYS_SEARCH_USER_PATHS = NO;
				CLANG_ANALYZER_NONNULL = YES;
				CLANG_ANALYZER_NUMBER_OBJECT_CONVERSION = YES_AGGRESSIVE;
				CLANG_CXX_LANGUAGE_STANDARD = "gnu++0x";
				CLANG_CXX_LIBRARY = "libc++";
				CLANG_ENABLE_MODULES = YES;
				CLANG_ENABLE_OBJC_ARC = YES;
				CLANG_WARN_BOOL_CONVERSION = YES;
				CLANG_WARN_CONSTANT_CONVERSION = YES;
				CLANG_WARN_DIRECT_OBJC_ISA_USAGE = YES_ERROR;
				CLANG_WARN_DOCUMENTATION_COMMENTS = YES;
				CLANG_WARN_EMPTY_BODY = YES;
				CLANG_WARN_ENUM_CONVERSION = YES;
				CLANG_WARN_INFINITE_RECURSION = YES;
				CLANG_WARN_INT_CONVERSION = YES;
				CLANG_WARN_OBJC_ROOT_CLASS = YES_ERROR;
				CLANG_WARN_SUSPICIOUS_MOVE = YES;
				CLANG_WARN_UNREACHABLE_CODE = YES;
				CLANG_WARN__DUPLICATE_METHOD_MATCH = YES;
				"CODE_SIGN_IDENTITY[sdk=iphoneos*]" = "iPhone Developer";
				COPY_PHASE_STRIP = NO;
				DEBUG_INFORMATION_FORMAT = dwarf;
				ENABLE_STRICT_OBJC_MSGSEND = YES;
				ENABLE_TESTABILITY = YES;
				GCC_C_LANGUAGE_STANDARD = gnu99;
				GCC_DYNAMIC_NO_PIC = NO;
				GCC_NO_COMMON_BLOCKS = YES;
				GCC_OPTIMIZATION_LEVEL = 0;
				GCC_PREPROCESSOR_DEFINITIONS = (
					"DEBUG=1",
					"$(inherited)",
				);
				GCC_WARN_64_TO_32_BIT_CONVERSION = YES;
				GCC_WARN_ABOUT_RETURN_TYPE = YES_ERROR;
				GCC_WARN_UNDECLARED_SELECTOR = YES;
				GCC_WARN_UNINITIALIZED_AUTOS = YES_AGGRESSIVE;
				GCC_WARN_UNUSED_FUNCTION = YES;
				GCC_WARN_UNUSED_VARIABLE = YES;
				IPHONEOS_DEPLOYMENT_TARGET = 10.3;
				MTL_ENABLE_DEBUG_INFO = YES;
				ONLY_ACTIVE_ARCH = YES;
				SDKROOT = iphoneos;
				SWIFT_ACTIVE_COMPILATION_CONDITIONS = DEBUG;
				SWIFT_OPTIMIZATION_LEVEL = "-Onone";
				TARGETED_DEVICE_FAMILY = "1,2";
			};
			name = Debug;
		};
		137095001EBC5DED003C12F5 /* Release */ = {
			isa = XCBuildConfiguration;
			buildSettings = {
				ALWAYS_SEARCH_USER_PATHS = NO;
				CLANG_ANALYZER_NONNULL = YES;
				CLANG_ANALYZER_NUMBER_OBJECT_CONVERSION = YES_AGGRESSIVE;
				CLANG_CXX_LANGUAGE_STANDARD = "gnu++0x";
				CLANG_CXX_LIBRARY = "libc++";
				CLANG_ENABLE_MODULES = YES;
				CLANG_ENABLE_OBJC_ARC = YES;
				CLANG_WARN_BOOL_CONVERSION = YES;
				CLANG_WARN_CONSTANT_CONVERSION = YES;
				CLANG_WARN_DIRECT_OBJC_ISA_USAGE = YES_ERROR;
				CLANG_WARN_DOCUMENTATION_COMMENTS = YES;
				CLANG_WARN_EMPTY_BODY = YES;
				CLANG_WARN_ENUM_CONVERSION = YES;
				CLANG_WARN_INFINITE_RECURSION = YES;
				CLANG_WARN_INT_CONVERSION = YES;
				CLANG_WARN_OBJC_ROOT_CLASS = YES_ERROR;
				CLANG_WARN_SUSPICIOUS_MOVE = YES;
				CLANG_WARN_UNREACHABLE_CODE = YES;
				CLANG_WARN__DUPLICATE_METHOD_MATCH = YES;
				"CODE_SIGN_IDENTITY[sdk=iphoneos*]" = "iPhone Developer";
				COPY_PHASE_STRIP = NO;
				DEBUG_INFORMATION_FORMAT = "dwarf-with-dsym";
				ENABLE_NS_ASSERTIONS = NO;
				ENABLE_STRICT_OBJC_MSGSEND = YES;
				GCC_C_LANGUAGE_STANDARD = gnu99;
				GCC_NO_COMMON_BLOCKS = YES;
				GCC_WARN_64_TO_32_BIT_CONVERSION = YES;
				GCC_WARN_ABOUT_RETURN_TYPE = YES_ERROR;
				GCC_WARN_UNDECLARED_SELECTOR = YES;
				GCC_WARN_UNINITIALIZED_AUTOS = YES_AGGRESSIVE;
				GCC_WARN_UNUSED_FUNCTION = YES;
				GCC_WARN_UNUSED_VARIABLE = YES;
				IPHONEOS_DEPLOYMENT_TARGET = 10.3;
				MTL_ENABLE_DEBUG_INFO = NO;
				SDKROOT = iphoneos;
				SWIFT_OPTIMIZATION_LEVEL = "-Owholemodule";
				TARGETED_DEVICE_FAMILY = "1,2";
				VALIDATE_PRODUCT = YES;
			};
			name = Release;
		};
		137095021EBC5DED003C12F5 /* Debug */ = {
			isa = XCBuildConfiguration;
			baseConfigurationReference = C394BD4B6D43EC5DE0393244 /* Pods-LittlePajero.debug.xcconfig */;
			buildSettings = {
				ALWAYS_EMBED_SWIFT_STANDARD_LIBRARIES = YES;
				ASSETCATALOG_COMPILER_APPICON_NAME = AppIcon;
				DEVELOPMENT_TEAM = 46H7KU73H8;
				INFOPLIST_FILE = LittlePajero/Info.plist;
				IPHONEOS_DEPLOYMENT_TARGET = 10.2;
				LD_RUNPATH_SEARCH_PATHS = "$(inherited) @executable_path/Frameworks";
				PRODUCT_BUNDLE_IDENTIFIER = com.cassiuschen.LittlePajero;
				PRODUCT_NAME = "$(TARGET_NAME)";
				SWIFT_VERSION = 3.0;
			};
			name = Debug;
		};
		137095031EBC5DED003C12F5 /* Release */ = {
			isa = XCBuildConfiguration;
			baseConfigurationReference = D8189ACBEC59476F485E9EF8 /* Pods-LittlePajero.release.xcconfig */;
			buildSettings = {
				ALWAYS_EMBED_SWIFT_STANDARD_LIBRARIES = YES;
				ASSETCATALOG_COMPILER_APPICON_NAME = AppIcon;
				DEVELOPMENT_TEAM = 46H7KU73H8;
				INFOPLIST_FILE = LittlePajero/Info.plist;
				IPHONEOS_DEPLOYMENT_TARGET = 10.2;
				LD_RUNPATH_SEARCH_PATHS = "$(inherited) @executable_path/Frameworks";
				PRODUCT_BUNDLE_IDENTIFIER = com.cassiuschen.LittlePajero;
				PRODUCT_NAME = "$(TARGET_NAME)";
				SWIFT_VERSION = 3.0;
			};
			name = Release;
		};
/* End XCBuildConfiguration section */

/* Begin XCConfigurationList section */
		137094EA1EBC5DED003C12F5 /* Build configuration list for PBXProject "LittlePajero" */ = {
			isa = XCConfigurationList;
			buildConfigurations = (
				137094FF1EBC5DED003C12F5 /* Debug */,
				137095001EBC5DED003C12F5 /* Release */,
			);
			defaultConfigurationIsVisible = 0;
			defaultConfigurationName = Release;
		};
		137095011EBC5DED003C12F5 /* Build configuration list for PBXNativeTarget "LittlePajero" */ = {
			isa = XCConfigurationList;
			buildConfigurations = (
				137095021EBC5DED003C12F5 /* Debug */,
				137095031EBC5DED003C12F5 /* Release */,
			);
			defaultConfigurationIsVisible = 0;
			defaultConfigurationName = Release;
		};
/* End XCConfigurationList section */
	};
	rootObject = 137094E71EBC5DED003C12F5 /* Project object */;
}
